// !$*UTF8*$!
{
	archiveVersion = 1;
	classes = {
	};
	objectVersion = 50;
	objects = {

/* Begin PBXBuildFile section */
		42907EAF21400D9D00AA72B7 /* AppDelegate.swift in Sources */ = {isa = PBXBuildFile; fileRef = 42907EAE21400D9D00AA72B7 /* AppDelegate.swift */; };
		42907EB121400D9D00AA72B7 /* ProductsViewController.swift in Sources */ = {isa = PBXBuildFile; fileRef = 42907EB021400D9D00AA72B7 /* ProductsViewController.swift */; };
		42907EB421400D9D00AA72B7 /* Main.storyboard in Resources */ = {isa = PBXBuildFile; fileRef = 42907EB221400D9D00AA72B7 /* Main.storyboard */; };
		42907EB621400D9E00AA72B7 /* Assets.xcassets in Resources */ = {isa = PBXBuildFile; fileRef = 42907EB521400D9E00AA72B7 /* Assets.xcassets */; };
		42907EB921400D9E00AA72B7 /* LaunchScreen.storyboard in Resources */ = {isa = PBXBuildFile; fileRef = 42907EB721400D9E00AA72B7 /* LaunchScreen.storyboard */; };
		42907EC5214020E600AA72B7 /* rates.plist in Resources */ = {isa = PBXBuildFile; fileRef = 42907EC3214020E600AA72B7 /* rates.plist */; };
		42907EC6214020E600AA72B7 /* transactions.plist in Resources */ = {isa = PBXBuildFile; fileRef = 42907EC4214020E600AA72B7 /* transactions.plist */; };
		42907EC92140215300AA72B7 /* TransactionsViewController.swift in Sources */ = {isa = PBXBuildFile; fileRef = 42907EC82140215300AA72B7 /* TransactionsViewController.swift */; };
/* End PBXBuildFile section */

/* Begin PBXFileReference section */
		42907EAB21400D9D00AA72B7 /* RemoteWorkTestApp.app */ = {isa = PBXFileReference; explicitFileType = wrapper.application; includeInIndex = 0; path = RemoteWorkTestApp.app; sourceTree = BUILT_PRODUCTS_DIR; };
		42907EAE21400D9D00AA72B7 /* AppDelegate.swift */ = {isa = PBXFileReference; lastKnownFileType = sourcecode.swift; path = AppDelegate.swift; sourceTree = "<group>"; };
		42907EB021400D9D00AA72B7 /* ProductsViewController.swift */ = {isa = PBXFileReference; lastKnownFileType = sourcecode.swift; path = ProductsViewController.swift; sourceTree = "<group>"; };
		42907EB321400D9D00AA72B7 /* Base */ = {isa = PBXFileReference; lastKnownFileType = file.storyboard; name = Base; path = Base.lproj/Main.storyboard; sourceTree = "<group>"; };
		42907EB521400D9E00AA72B7 /* Assets.xcassets */ = {isa = PBXFileReference; lastKnownFileType = folder.assetcatalog; path = Assets.xcassets; sourceTree = "<group>"; };
		42907EB821400D9E00AA72B7 /* Base */ = {isa = PBXFileReference; lastKnownFileType = file.storyboard; name = Base; path = Base.lproj/LaunchScreen.storyboard; sourceTree = "<group>"; };
		42907EBA21400D9E00AA72B7 /* Info.plist */ = {isa = PBXFileReference; lastKnownFileType = text.plist.xml; path = Info.plist; sourceTree = "<group>"; };
		42907EC3214020E600AA72B7 /* rates.plist */ = {isa = PBXFileReference; fileEncoding = 4; lastKnownFileType = text.plist.xml; path = rates.plist; sourceTree = "<group>"; };
		42907EC4214020E600AA72B7 /* transactions.plist */ = {isa = PBXFileReference; fileEncoding = 4; lastKnownFileType = text.plist.xml; path = transactions.plist; sourceTree = "<group>"; };
		42907EC82140215300AA72B7 /* TransactionsViewController.swift */ = {isa = PBXFileReference; lastKnownFileType = sourcecode.swift; path = TransactionsViewController.swift; sourceTree = "<group>"; };
/* End PBXFileReference section */

/* Begin PBXFrameworksBuildPhase section */
		42907EA821400D9D00AA72B7 /* Frameworks */ = {
			isa = PBXFrameworksBuildPhase;
			buildActionMask = 2147483647;
			files = (
			);
			runOnlyForDeploymentPostprocessing = 0;
		};
/* End PBXFrameworksBuildPhase section */

/* Begin PBXGroup section */
		42907EA221400D9D00AA72B7 = {
			isa = PBXGroup;
			children = (
				42907EAD21400D9D00AA72B7 /* RemoteWorkTestApp */,
				42907EAC21400D9D00AA72B7 /* Products */,
			);
			sourceTree = "<group>";
		};
		42907EAC21400D9D00AA72B7 /* Products */ = {
			isa = PBXGroup;
			children = (
				42907EAB21400D9D00AA72B7 /* RemoteWorkTestApp.app */,
			);
			name = Products;
			sourceTree = "<group>";
		};
		42907EAD21400D9D00AA72B7 /* RemoteWorkTestApp */ = {
			isa = PBXGroup;
			children = (
				42907ECA214021AF00AA72B7 /* Application */,
				42907EC0214020A300AA72B7 /* Assets */,
				42907ECC214021DE00AA72B7 /* Configuration */,
				42907ECB214021CB00AA72B7 /* Storyboards */,
				42907EC72140210100AA72B7 /* ViewControllers */,
			);
			path = RemoteWorkTestApp;
			sourceTree = "<group>";
		};
		42907EC0214020A300AA72B7 /* Assets */ = {
			isa = PBXGroup;
			children = (
				42907EC2214020C900AA72B7 /* Images */,
				42907EC1214020AF00AA72B7 /* Data */,
			);
			path = Assets;
			sourceTree = "<group>";
		};
		42907EC1214020AF00AA72B7 /* Data */ = {
			isa = PBXGroup;
			children = (
				42907EC3214020E600AA72B7 /* rates.plist */,
				42907EC4214020E600AA72B7 /* transactions.plist */,
			);
			path = Data;
			sourceTree = "<group>";
		};
		42907EC2214020C900AA72B7 /* Images */ = {
			isa = PBXGroup;
			children = (
				42907EB521400D9E00AA72B7 /* Assets.xcassets */,
			);
			path = Images;
			sourceTree = "<group>";
		};
		42907EC72140210100AA72B7 /* ViewControllers */ = {
			isa = PBXGroup;
			children = (
				42907EB021400D9D00AA72B7 /* ProductsViewController.swift */,
				42907EC82140215300AA72B7 /* TransactionsViewController.swift */,
			);
			path = ViewControllers;
			sourceTree = "<group>";
		};
		42907ECA214021AF00AA72B7 /* Application */ = {
			isa = PBXGroup;
			children = (
				42907EAE21400D9D00AA72B7 /* AppDelegate.swift */,
			);
			path = Application;
			sourceTree = "<group>";
		};
		42907ECB214021CB00AA72B7 /* Storyboards */ = {
			isa = PBXGroup;
			children = (
				42907EB221400D9D00AA72B7 /* Main.storyboard */,
				42907EB721400D9E00AA72B7 /* LaunchScreen.storyboard */,
			);
			path = Storyboards;
			sourceTree = "<group>";
		};
		42907ECC214021DE00AA72B7 /* Configuration */ = {
			isa = PBXGroup;
			children = (
				42907EBA21400D9E00AA72B7 /* Info.plist */,
			);
			path = Configuration;
			sourceTree = "<group>";
		};
/* End PBXGroup section */

/* Begin PBXNativeTarget section */
		42907EAA21400D9D00AA72B7 /* RemoteWorkTestApp */ = {
			isa = PBXNativeTarget;
			buildConfigurationList = 42907EBD21400D9E00AA72B7 /* Build configuration list for PBXNativeTarget "RemoteWorkTestApp" */;
			buildPhases = (
				42907EA721400D9D00AA72B7 /* Sources */,
				42907EA821400D9D00AA72B7 /* Frameworks */,
				42907EA921400D9D00AA72B7 /* Resources */,
			);
			buildRules = (
			);
			dependencies = (
			);
			name = RemoteWorkTestApp;
			productName = RemoteWorkTestApp;
			productReference = 42907EAB21400D9D00AA72B7 /* RemoteWorkTestApp.app */;
			productType = "com.apple.product-type.application";
		};
/* End PBXNativeTarget section */

/* Begin PBXProject section */
		42907EA321400D9D00AA72B7 /* Project object */ = {
			isa = PBXProject;
			attributes = {
				LastSwiftUpdateCheck = 0940;
				LastUpgradeCheck = 0940;
				ORGANIZATIONNAME = "Mikhail Kirillov";
				TargetAttributes = {
					42907EAA21400D9D00AA72B7 = {
						CreatedOnToolsVersion = 9.4.1;
					};
				};
			};
			buildConfigurationList = 42907EA621400D9D00AA72B7 /* Build configuration list for PBXProject "RemoteWorkTestApp" */;
			compatibilityVersion = "Xcode 9.3";
			developmentRegion = en;
			hasScannedForEncodings = 0;
			knownRegions = (
				en,
				Base,
			);
			mainGroup = 42907EA221400D9D00AA72B7;
			productRefGroup = 42907EAC21400D9D00AA72B7 /* Products */;
			projectDirPath = "";
			projectRoot = "";
			targets = (
				42907EAA21400D9D00AA72B7 /* RemoteWorkTestApp */,
			);
		};
/* End PBXProject section */

/* Begin PBXResourcesBuildPhase section */
		42907EA921400D9D00AA72B7 /* Resources */ = {
			isa = PBXResourcesBuildPhase;
			buildActionMask = 2147483647;
			files = (
				42907EC6214020E600AA72B7 /* transactions.plist in Resources */,
				42907EC5214020E600AA72B7 /* rates.plist in Resources */,
				42907EB921400D9E00AA72B7 /* LaunchScreen.storyboard in Resources */,
				42907EB621400D9E00AA72B7 /* Assets.xcassets in Resources */,
				42907EB421400D9D00AA72B7 /* Main.storyboard in Resources */,
			);
			runOnlyForDeploymentPostprocessing = 0;
		};
/* End PBXResourcesBuildPhase section */

/* Begin PBXSourcesBuildPhase section */
		42907EA721400D9D00AA72B7 /* Sources */ = {
			isa = PBXSourcesBuildPhase;
			buildActionMask = 2147483647;
			files = (
				42907EB121400D9D00AA72B7 /* ProductsViewController.swift in Sources */,
				42907EAF21400D9D00AA72B7 /* AppDelegate.swift in Sources */,
				42907EC92140215300AA72B7 /* TransactionsViewController.swift in Sources */,
			);
			runOnlyForDeploymentPostprocessing = 0;
		};
/* End PBXSourcesBuildPhase section */

/* Begin PBXVariantGroup section */
		42907EB221400D9D00AA72B7 /* Main.storyboard */ = {
			isa = PBXVariantGroup;
			children = (
				42907EB321400D9D00AA72B7 /* Base */,
			);
			name = Main.storyboard;
			sourceTree = "<group>";
		};
		42907EB721400D9E00AA72B7 /* LaunchScreen.storyboard */ = {
			isa = PBXVariantGroup;
			children = (
				42907EB821400D9E00AA72B7 /* Base */,
			);
			name = LaunchScreen.storyboard;
			sourceTree = "<group>";
		};
/* End PBXVariantGroup section */

/* Begin XCBuildConfiguration section */
		42907EBB21400D9E00AA72B7 /* Debug */ = {
			isa = XCBuildConfiguration;
			buildSettings = {
				ALWAYS_SEARCH_USER_PATHS = NO;
				CLANG_ANALYZER_NONNULL = YES;
				CLANG_ANALYZER_NUMBER_OBJECT_CONVERSION = YES_AGGRESSIVE;
				CLANG_CXX_LANGUAGE_STANDARD = "gnu++14";
				CLANG_CXX_LIBRARY = "libc++";
				CLANG_ENABLE_MODULES = YES;
				CLANG_ENABLE_OBJC_ARC = YES;
				CLANG_ENABLE_OBJC_WEAK = YES;
				CLANG_WARN_BLOCK_CAPTURE_AUTORELEASING = YES;
				CLANG_WARN_BOOL_CONVERSION = YES;
				CLANG_WARN_COMMA = YES;
				CLANG_WARN_CONSTANT_CONVERSION = YES;
				CLANG_WARN_DEPRECATED_OBJC_IMPLEMENTATIONS = YES;
				CLANG_WARN_DIRECT_OBJC_ISA_USAGE = YES_ERROR;
				CLANG_WARN_DOCUMENTATION_COMMENTS = YES;
				CLANG_WARN_EMPTY_BODY = YES;
				CLANG_WARN_ENUM_CONVERSION = YES;
				CLANG_WARN_INFINITE_RECURSION = YES;
				CLANG_WARN_INT_CONVERSION = YES;
				CLANG_WARN_NON_LITERAL_NULL_CONVERSION = YES;
				CLANG_WARN_OBJC_IMPLICIT_RETAIN_SELF = YES;
				CLANG_WARN_OBJC_LITERAL_CONVERSION = YES;
				CLANG_WARN_OBJC_ROOT_CLASS = YES_ERROR;
				CLANG_WARN_RANGE_LOOP_ANALYSIS = YES;
				CLANG_WARN_STRICT_PROTOTYPES = YES;
				CLANG_WARN_SUSPICIOUS_MOVE = YES;
				CLANG_WARN_UNGUARDED_AVAILABILITY = YES_AGGRESSIVE;
				CLANG_WARN_UNREACHABLE_CODE = YES;
				CLANG_WARN__DUPLICATE_METHOD_MATCH = YES;
				CODE_SIGN_IDENTITY = "iPhone Developer";
				COPY_PHASE_STRIP = NO;
				DEBUG_INFORMATION_FORMAT = dwarf;
				ENABLE_STRICT_OBJC_MSGSEND = YES;
				ENABLE_TESTABILITY = YES;
				GCC_C_LANGUAGE_STANDARD = gnu11;
				GCC_DYNAMIC_NO_PIC = NO;
				GCC_NO_COMMON_BLOCKS = YES;
				GCC_OPTIMIZATION_LEVEL = 0;
				GCC_PREPROCESSOR_DEFINITIONS = (
					"DEBUG=1",
					"$(inherited)",
				);
				GCC_WARN_64_TO_32_BIT_CONVERSION = YES;
				GCC_WARN_ABOUT_RETURN_TYPE = YES_ERROR;
				GCC_WARN_UNDECLARED_SELECTOR = YES;
				GCC_WARN_UNINITIALIZED_AUTOS = YES_AGGRESSIVE;
				GCC_WARN_UNUSED_FUNCTION = YES;
				GCC_WARN_UNUSED_VARIABLE = YES;
				IPHONEOS_DEPLOYMENT_TARGET = 11.4;
				MTL_ENABLE_DEBUG_INFO = YES;
				ONLY_ACTIVE_ARCH = YES;
				SDKROOT = iphoneos;
				SWIFT_ACTIVE_COMPILATION_CONDITIONS = DEBUG;
				SWIFT_OPTIMIZATION_LEVEL = "-Onone";
			};
			name = Debug;
		};
		42907EBC21400D9E00AA72B7 /* Release */ = {
			isa = XCBuildConfiguration;
			buildSettings = {
				ALWAYS_SEARCH_USER_PATHS = NO;
				CLANG_ANALYZER_NONNULL = YES;
				CLANG_ANALYZER_NUMBER_OBJECT_CONVERSION = YES_AGGRESSIVE;
				CLANG_CXX_LANGUAGE_STANDARD = "gnu++14";
				CLANG_CXX_LIBRARY = "libc++";
				CLANG_ENABLE_MODULES = YES;
				CLANG_ENABLE_OBJC_ARC = YES;
				CLANG_ENABLE_OBJC_WEAK = YES;
				CLANG_WARN_BLOCK_CAPTURE_AUTORELEASING = YES;
				CLANG_WARN_BOOL_CONVERSION = YES;
				CLANG_WARN_COMMA = YES;
				CLANG_WARN_CONSTANT_CONVERSION = YES;
				CLANG_WARN_DEPRECATED_OBJC_IMPLEMENTATIONS = YES;
				CLANG_WARN_DIRECT_OBJC_ISA_USAGE = YES_ERROR;
				CLANG_WARN_DOCUMENTATION_COMMENTS = YES;
				CLANG_WARN_EMPTY_BODY = YES;
				CLANG_WARN_ENUM_CONVERSION = YES;
				CLANG_WARN_INFINITE_RECURSION = YES;
				CLANG_WARN_INT_CONVERSION = YES;
				CLANG_WARN_NON_LITERAL_NULL_CONVERSION = YES;
				CLANG_WARN_OBJC_IMPLICIT_RETAIN_SELF = YES;
				CLANG_WARN_OBJC_LITERAL_CONVERSION = YES;
				CLANG_WARN_OBJC_ROOT_CLASS = YES_ERROR;
				CLANG_WARN_RANGE_LOOP_ANALYSIS = YES;
				CLANG_WARN_STRICT_PROTOTYPES = YES;
				CLANG_WARN_SUSPICIOUS_MOVE = YES;
				CLANG_WARN_UNGUARDED_AVAILABILITY = YES_AGGRESSIVE;
				CLANG_WARN_UNREACHABLE_CODE = YES;
				CLANG_WARN__DUPLICATE_METHOD_MATCH = YES;
				CODE_SIGN_IDENTITY = "iPhone Developer";
				COPY_PHASE_STRIP = NO;
				DEBUG_INFORMATION_FORMAT = "dwarf-with-dsym";
				ENABLE_NS_ASSERTIONS = NO;
				ENABLE_STRICT_OBJC_MSGSEND = YES;
				GCC_C_LANGUAGE_STANDARD = gnu11;
				GCC_NO_COMMON_BLOCKS = YES;
				GCC_WARN_64_TO_32_BIT_CONVERSION = YES;
				GCC_WARN_ABOUT_RETURN_TYPE = YES_ERROR;
				GCC_WARN_UNDECLARED_SELECTOR = YES;
				GCC_WARN_UNINITIALIZED_AUTOS = YES_AGGRESSIVE;
				GCC_WARN_UNUSED_FUNCTION = YES;
				GCC_WARN_UNUSED_VARIABLE = YES;
				IPHONEOS_DEPLOYMENT_TARGET = 11.4;
				MTL_ENABLE_DEBUG_INFO = NO;
				SDKROOT = iphoneos;
				SWIFT_COMPILATION_MODE = wholemodule;
				SWIFT_OPTIMIZATION_LEVEL = "-O";
				VALIDATE_PRODUCT = YES;
			};
			name = Release;
		};
		42907EBE21400D9E00AA72B7 /* Debug */ = {
			isa = XCBuildConfiguration;
			buildSettings = {
				ASSETCATALOG_COMPILER_APPICON_NAME = AppIcon;
				CODE_SIGN_STYLE = Automatic;
				DEVELOPMENT_TEAM = FQWPDVX8KC;
				INFOPLIST_FILE = "$(SRCROOT)/RemoteWorkTestApp/Configuration/Info.plist";
				LD_RUNPATH_SEARCH_PATHS = (
					"$(inherited)",
					"@executable_path/Frameworks",
				);
				PRODUCT_BUNDLE_IDENTIFIER = com.testAppsINK.RemoteWorkTestApp;
				PRODUCT_NAME = "$(TARGET_NAME)";
				SWIFT_VERSION = 4.0;
				TARGETED_DEVICE_FAMILY = "1,2";
			};
			name = Debug;
		};
		42907EBF21400D9E00AA72B7 /* Release */ = {
			isa = XCBuildConfiguration;
			buildSettings = {
				ASSETCATALOG_COMPILER_APPICON_NAME = AppIcon;
				CODE_SIGN_STYLE = Automatic;
				DEVELOPMENT_TEAM = FQWPDVX8KC;
				INFOPLIST_FILE = "$(SRCROOT)/RemoteWorkTestApp/Configuration/Info.plist";
				LD_RUNPATH_SEARCH_PATHS = (
					"$(inherited)",
					"@executable_path/Frameworks",
				);
				PRODUCT_BUNDLE_IDENTIFIER = com.testAppsINK.RemoteWorkTestApp;
				PRODUCT_NAME = "$(TARGET_NAME)";
				SWIFT_VERSION = 4.0;
				TARGETED_DEVICE_FAMILY = "1,2";
			};
			name = Release;
		};
/* End XCBuildConfiguration section */

/* Begin XCConfigurationList section */
		42907EA621400D9D00AA72B7 /* Build configuration list for PBXProject "RemoteWorkTestApp" */ = {
			isa = XCConfigurationList;
			buildConfigurations = (
				42907EBB21400D9E00AA72B7 /* Debug */,
				42907EBC21400D9E00AA72B7 /* Release */,
			);
			defaultConfigurationIsVisible = 0;
			defaultConfigurationName = Release;
		};
		42907EBD21400D9E00AA72B7 /* Build configuration list for PBXNativeTarget "RemoteWorkTestApp" */ = {
			isa = XCConfigurationList;
			buildConfigurations = (
				42907EBE21400D9E00AA72B7 /* Debug */,
				42907EBF21400D9E00AA72B7 /* Release */,
			);
			defaultConfigurationIsVisible = 0;
			defaultConfigurationName = Release;
		};
/* End XCConfigurationList section */
	};
	rootObject = 42907EA321400D9D00AA72B7 /* Project object */;
}
